
Microsoft Visual Studio Solution File, Format Version 12.00
# Visual Studio Version 16
VisualStudioVersion = 16.0.30413.136
MinimumVisualStudioVersion = 10.0.40219.1
Project("{FAE04EC0-301F-11D3-BF4B-00C04F79EFBC}") = "DirectoryFileReader", "DirectoryFileReader.csproj", "{3DF720DD-0826-4A1E-967B-F62CA64CCFDB}"
EndProject
Project("{FAE04EC0-301F-11D3-BF4B-00C04F79EFBC}") = "TestDirectoryFileReader", "..\TestDirectoryFileReader\TestDirectoryFileReader.csproj", "{BCA15ADC-6DE0-4A11-A8D1-560CC0969502}"
EndProject
Global
	GlobalSection(SolutionConfigurationPlatforms) = preSolution
		Debug|Any CPU = Debug|Any CPU
		Release|Any CPU = Release|Any CPU
	EndGlobalSection
	GlobalSection(ProjectConfigurationPlatforms) = postSolution
		{3DF720DD-0826-4A1E-967B-F62CA64CCFDB}.Debug|Any CPU.ActiveCfg = Debug|Any CPU
		{3DF720DD-0826-4A1E-967B-F62CA64CCFDB}.Debug|Any CPU.Build.0 = Debug|Any CPU
		{3DF720DD-0826-4A1E-967B-F62CA64CCFDB}.Release|Any CPU.ActiveCfg = Release|Any CPU
		{3DF720DD-0826-4A1E-967B-F62CA64CCFDB}.Release|Any CPU.Build.0 = Release|Any CPU
		{BCA15ADC-6DE0-4A11-A8D1-560CC0969502}.Debug|Any CPU.ActiveCfg = Debug|Any CPU
		{BCA15ADC-6DE0-4A11-A8D1-560CC0969502}.Debug|Any CPU.Build.0 = Debug|Any CPU
		{BCA15ADC-6DE0-4A11-A8D1-560CC0969502}.Release|Any CPU.ActiveCfg = Release|Any CPU
		{BCA15ADC-6DE0-4A11-A8D1-560CC0969502}.Release|Any CPU.Build.0 = Release|Any CPU
	EndGlobalSection
	GlobalSection(SolutionProperties) = preSolution
		HideSolutionNode = FALSE
	EndGlobalSection
	GlobalSection(ExtensibilityGlobals) = postSolution
		SolutionGuid = {807C913A-BF5D-4498-9DAC-C3B2E88B7D5A}
	EndGlobalSection
EndGlobal
